// !$*UTF8*$!
{
	archiveVersion = 1;
	classes = {
	};
	objectVersion = 56;
	objects = {

/* Begin PBXBuildFile section */
		FBB3E6ED2A4B357A00EF26CA /* question_appApp.swift in Sources */ = {isa = PBXBuildFile; fileRef = FBB3E6EC2A4B357A00EF26CA /* question_appApp.swift */; };
		FBB3E6EF2A4B357A00EF26CA /* ContentView.swift in Sources */ = {isa = PBXBuildFile; fileRef = FBB3E6EE2A4B357A00EF26CA /* ContentView.swift */; };
		FBB3E6F12A4B357C00EF26CA /* Assets.xcassets in Resources */ = {isa = PBXBuildFile; fileRef = FBB3E6F02A4B357C00EF26CA /* Assets.xcassets */; };
		FBB3E6F42A4B357C00EF26CA /* Preview Assets.xcassets in Resources */ = {isa = PBXBuildFile; fileRef = FBB3E6F32A4B357C00EF26CA /* Preview Assets.xcassets */; };
		FBB3E6FE2A4B357C00EF26CA /* question_appTests.swift in Sources */ = {isa = PBXBuildFile; fileRef = FBB3E6FD2A4B357C00EF26CA /* question_appTests.swift */; };
		FBB3E7082A4B357C00EF26CA /* question_appUITests.swift in Sources */ = {isa = PBXBuildFile; fileRef = FBB3E7072A4B357C00EF26CA /* question_appUITests.swift */; };
		FBB3E70A2A4B357C00EF26CA /* question_appUITestsLaunchTests.swift in Sources */ = {isa = PBXBuildFile; fileRef = FBB3E7092A4B357C00EF26CA /* question_appUITestsLaunchTests.swift */; };
/* End PBXBuildFile section */

/* Begin PBXContainerItemProxy section */
		FBB3E6FA2A4B357C00EF26CA /* PBXContainerItemProxy */ = {
			isa = PBXContainerItemProxy;
			containerPortal = FBB3E6E12A4B357900EF26CA /* Project object */;
			proxyType = 1;
			remoteGlobalIDString = FBB3E6E82A4B357A00EF26CA;
			remoteInfo = "question app";
		};
		FBB3E7042A4B357C00EF26CA /* PBXContainerItemProxy */ = {
			isa = PBXContainerItemProxy;
			containerPortal = FBB3E6E12A4B357900EF26CA /* Project object */;
			proxyType = 1;
			remoteGlobalIDString = FBB3E6E82A4B357A00EF26CA;
			remoteInfo = "question app";
		};
/* End PBXContainerItemProxy section */

/* Begin PBXFileReference section */
		FBB3E6E92A4B357A00EF26CA /* question app.app */ = {isa = PBXFileReference; explicitFileType = wrapper.application; includeInIndex = 0; path = "question app.app"; sourceTree = BUILT_PRODUCTS_DIR; };
		FBB3E6EC2A4B357A00EF26CA /* question_appApp.swift */ = {isa = PBXFileReference; lastKnownFileType = sourcecode.swift; path = question_appApp.swift; sourceTree = "<group>"; };
		FBB3E6EE2A4B357A00EF26CA /* ContentView.swift */ = {isa = PBXFileReference; lastKnownFileType = sourcecode.swift; path = ContentView.swift; sourceTree = "<group>"; };
		FBB3E6F02A4B357C00EF26CA /* Assets.xcassets */ = {isa = PBXFileReference; lastKnownFileType = folder.assetcatalog; path = Assets.xcassets; sourceTree = "<group>"; };
		FBB3E6F32A4B357C00EF26CA /* Preview Assets.xcassets */ = {isa = PBXFileReference; lastKnownFileType = folder.assetcatalog; path = "Preview Assets.xcassets"; sourceTree = "<group>"; };
		FBB3E6F92A4B357C00EF26CA /* question appTests.xctest */ = {isa = PBXFileReference; explicitFileType = wrapper.cfbundle; includeInIndex = 0; path = "question appTests.xctest"; sourceTree = BUILT_PRODUCTS_DIR; };
		FBB3E6FD2A4B357C00EF26CA /* question_appTests.swift */ = {isa = PBXFileReference; lastKnownFileType = sourcecode.swift; path = question_appTests.swift; sourceTree = "<group>"; };
		FBB3E7032A4B357C00EF26CA /* question appUITests.xctest */ = {isa = PBXFileReference; explicitFileType = wrapper.cfbundle; includeInIndex = 0; path = "question appUITests.xctest"; sourceTree = BUILT_PRODUCTS_DIR; };
		FBB3E7072A4B357C00EF26CA /* question_appUITests.swift */ = {isa = PBXFileReference; lastKnownFileType = sourcecode.swift; path = question_appUITests.swift; sourceTree = "<group>"; };
		FBB3E7092A4B357C00EF26CA /* question_appUITestsLaunchTests.swift */ = {isa = PBXFileReference; lastKnownFileType = sourcecode.swift; path = question_appUITestsLaunchTests.swift; sourceTree = "<group>"; };
/* End PBXFileReference section */

/* Begin PBXFrameworksBuildPhase section */
		FBB3E6E62A4B357A00EF26CA /* Frameworks */ = {
			isa = PBXFrameworksBuildPhase;
			buildActionMask = 2147483647;
			files = (
			);
			runOnlyForDeploymentPostprocessing = 0;
		};
		FBB3E6F62A4B357C00EF26CA /* Frameworks */ = {
			isa = PBXFrameworksBuildPhase;
			buildActionMask = 2147483647;
			files = (
			);
			runOnlyForDeploymentPostprocessing = 0;
		};
		FBB3E7002A4B357C00EF26CA /* Frameworks */ = {
			isa = PBXFrameworksBuildPhase;
			buildActionMask = 2147483647;
			files = (
			);
			runOnlyForDeploymentPostprocessing = 0;
		};
/* End PBXFrameworksBuildPhase section */

/* Begin PBXGroup section */
		FBB3E6E02A4B357900EF26CA = {
			isa = PBXGroup;
			children = (
				FBB3E6EB2A4B357A00EF26CA /* question app */,
				FBB3E6FC2A4B357C00EF26CA /* question appTests */,
				FBB3E7062A4B357C00EF26CA /* question appUITests */,
				FBB3E6EA2A4B357A00EF26CA /* Products */,
			);
			sourceTree = "<group>";
		};
		FBB3E6EA2A4B357A00EF26CA /* Products */ = {
			isa = PBXGroup;
			children = (
				FBB3E6E92A4B357A00EF26CA /* question app.app */,
				FBB3E6F92A4B357C00EF26CA /* question appTests.xctest */,
				FBB3E7032A4B357C00EF26CA /* question appUITests.xctest */,
			);
			name = Products;
			sourceTree = "<group>";
		};
		FBB3E6EB2A4B357A00EF26CA /* question app */ = {
			isa = PBXGroup;
			children = (
				FBB3E6EC2A4B357A00EF26CA /* question_appApp.swift */,
				FBB3E6EE2A4B357A00EF26CA /* ContentView.swift */,
				FBB3E6F02A4B357C00EF26CA /* Assets.xcassets */,
				FBB3E6F22A4B357C00EF26CA /* Preview Content */,
			);
			path = "question app";
			sourceTree = "<group>";
		};
		FBB3E6F22A4B357C00EF26CA /* Preview Content */ = {
			isa = PBXGroup;
			children = (
				FBB3E6F32A4B357C00EF26CA /* Preview Assets.xcassets */,
			);
			path = "Preview Content";
			sourceTree = "<group>";
		};
		FBB3E6FC2A4B357C00EF26CA /* question appTests */ = {
			isa = PBXGroup;
			children = (
				FBB3E6FD2A4B357C00EF26CA /* question_appTests.swift */,
			);
			path = "question appTests";
			sourceTree = "<group>";
		};
		FBB3E7062A4B357C00EF26CA /* question appUITests */ = {
			isa = PBXGroup;
			children = (
				FBB3E7072A4B357C00EF26CA /* question_appUITests.swift */,
				FBB3E7092A4B357C00EF26CA /* question_appUITestsLaunchTests.swift */,
			);
			path = "question appUITests";
			sourceTree = "<group>";
		};
/* End PBXGroup section */

/* Begin PBXNativeTarget section */
		FBB3E6E82A4B357A00EF26CA /* question app */ = {
			isa = PBXNativeTarget;
			buildConfigurationList = FBB3E70D2A4B357C00EF26CA /* Build configuration list for PBXNativeTarget "question app" */;
			buildPhases = (
				FBB3E6E52A4B357A00EF26CA /* Sources */,
				FBB3E6E62A4B357A00EF26CA /* Frameworks */,
				FBB3E6E72A4B357A00EF26CA /* Resources */,
			);
			buildRules = (
			);
			dependencies = (
			);
			name = "question app";
			productName = "question app";
			productReference = FBB3E6E92A4B357A00EF26CA /* question app.app */;
			productType = "com.apple.product-type.application";
		};
		FBB3E6F82A4B357C00EF26CA /* question appTests */ = {
			isa = PBXNativeTarget;
			buildConfigurationList = FBB3E7102A4B357C00EF26CA /* Build configuration list for PBXNativeTarget "question appTests" */;
			buildPhases = (
				FBB3E6F52A4B357C00EF26CA /* Sources */,
				FBB3E6F62A4B357C00EF26CA /* Frameworks */,
				FBB3E6F72A4B357C00EF26CA /* Resources */,
			);
			buildRules = (
			);
			dependencies = (
				FBB3E6FB2A4B357C00EF26CA /* PBXTargetDependency */,
			);
			name = "question appTests";
			productName = "question appTests";
			productReference = FBB3E6F92A4B357C00EF26CA /* question appTests.xctest */;
			productType = "com.apple.product-type.bundle.unit-test";
		};
		FBB3E7022A4B357C00EF26CA /* question appUITests */ = {
			isa = PBXNativeTarget;
			buildConfigurationList = FBB3E7132A4B357C00EF26CA /* Build configuration list for PBXNativeTarget "question appUITests" */;
			buildPhases = (
				FBB3E6FF2A4B357C00EF26CA /* Sources */,
				FBB3E7002A4B357C00EF26CA /* Frameworks */,
				FBB3E7012A4B357C00EF26CA /* Resources */,
			);
			buildRules = (
			);
			dependencies = (
				FBB3E7052A4B357C00EF26CA /* PBXTargetDependency */,
			);
			name = "question appUITests";
			productName = "question appUITests";
			productReference = FBB3E7032A4B357C00EF26CA /* question appUITests.xctest */;
			productType = "com.apple.product-type.bundle.ui-testing";
		};
/* End PBXNativeTarget section */

/* Begin PBXProject section */
		FBB3E6E12A4B357900EF26CA /* Project object */ = {
			isa = PBXProject;
			attributes = {
				BuildIndependentTargetsInParallel = 1;
				LastSwiftUpdateCheck = 1430;
				LastUpgradeCheck = 1430;
				TargetAttributes = {
					FBB3E6E82A4B357A00EF26CA = {
						CreatedOnToolsVersion = 14.3.1;
					};
					FBB3E6F82A4B357C00EF26CA = {
						CreatedOnToolsVersion = 14.3.1;
						TestTargetID = FBB3E6E82A4B357A00EF26CA;
					};
					FBB3E7022A4B357C00EF26CA = {
						CreatedOnToolsVersion = 14.3.1;
						TestTargetID = FBB3E6E82A4B357A00EF26CA;
					};
				};
			};
			buildConfigurationList = FBB3E6E42A4B357900EF26CA /* Build configuration list for PBXProject "question app" */;
			compatibilityVersion = "Xcode 14.0";
			developmentRegion = en;
			hasScannedForEncodings = 0;
			knownRegions = (
				en,
				Base,
			);
			mainGroup = FBB3E6E02A4B357900EF26CA;
			productRefGroup = FBB3E6EA2A4B357A00EF26CA /* Products */;
			projectDirPath = "";
			projectRoot = "";
			targets = (
				FBB3E6E82A4B357A00EF26CA /* question app */,
				FBB3E6F82A4B357C00EF26CA /* question appTests */,
				FBB3E7022A4B357C00EF26CA /* question appUITests */,
			);
		};
/* End PBXProject section */

/* Begin PBXResourcesBuildPhase section */
		FBB3E6E72A4B357A00EF26CA /* Resources */ = {
			isa = PBXResourcesBuildPhase;
			buildActionMask = 2147483647;
			files = (
				FBB3E6F42A4B357C00EF26CA /* Preview Assets.xcassets in Resources */,
				FBB3E6F12A4B357C00EF26CA /* Assets.xcassets in Resources */,
			);
			runOnlyForDeploymentPostprocessing = 0;
		};
		FBB3E6F72A4B357C00EF26CA /* Resources */ = {
			isa = PBXResourcesBuildPhase;
			buildActionMask = 2147483647;
			files = (
			);
			runOnlyForDeploymentPostprocessing = 0;
		};
		FBB3E7012A4B357C00EF26CA /* Resources */ = {
			isa = PBXResourcesBuildPhase;
			buildActionMask = 2147483647;
			files = (
			);
			runOnlyForDeploymentPostprocessing = 0;
		};
/* End PBXResourcesBuildPhase section */

/* Begin PBXSourcesBuildPhase section */
		FBB3E6E52A4B357A00EF26CA /* Sources */ = {
			isa = PBXSourcesBuildPhase;
			buildActionMask = 2147483647;
			files = (
				FBB3E6EF2A4B357A00EF26CA /* ContentView.swift in Sources */,
				FBB3E6ED2A4B357A00EF26CA /* question_appApp.swift in Sources */,
			);
			runOnlyForDeploymentPostprocessing = 0;
		};
		FBB3E6F52A4B357C00EF26CA /* Sources */ = {
			isa = PBXSourcesBuildPhase;
			buildActionMask = 2147483647;
			files = (
				FBB3E6FE2A4B357C00EF26CA /* question_appTests.swift in Sources */,
			);
			runOnlyForDeploymentPostprocessing = 0;
		};
		FBB3E6FF2A4B357C00EF26CA /* Sources */ = {
			isa = PBXSourcesBuildPhase;
			buildActionMask = 2147483647;
			files = (
				FBB3E70A2A4B357C00EF26CA /* question_appUITestsLaunchTests.swift in Sources */,
				FBB3E7082A4B357C00EF26CA /* question_appUITests.swift in Sources */,
			);
			runOnlyForDeploymentPostprocessing = 0;
		};
/* End PBXSourcesBuildPhase section */

/* Begin PBXTargetDependency section */
		FBB3E6FB2A4B357C00EF26CA /* PBXTargetDependency */ = {
			isa = PBXTargetDependency;
			target = FBB3E6E82A4B357A00EF26CA /* question app */;
			targetProxy = FBB3E6FA2A4B357C00EF26CA /* PBXContainerItemProxy */;
		};
		FBB3E7052A4B357C00EF26CA /* PBXTargetDependency */ = {
			isa = PBXTargetDependency;
			target = FBB3E6E82A4B357A00EF26CA /* question app */;
			targetProxy = FBB3E7042A4B357C00EF26CA /* PBXContainerItemProxy */;
		};
/* End PBXTargetDependency section */

/* Begin XCBuildConfiguration section */
		FBB3E70B2A4B357C00EF26CA /* Debug */ = {
			isa = XCBuildConfiguration;
			buildSettings = {
				ALWAYS_SEARCH_USER_PATHS = NO;
				CLANG_ANALYZER_NONNULL = YES;
				CLANG_ANALYZER_NUMBER_OBJECT_CONVERSION = YES_AGGRESSIVE;
				CLANG_CXX_LANGUAGE_STANDARD = "gnu++20";
				CLANG_ENABLE_MODULES = YES;
				CLANG_ENABLE_OBJC_ARC = YES;
				CLANG_ENABLE_OBJC_WEAK = YES;
				CLANG_WARN_BLOCK_CAPTURE_AUTORELEASING = YES;
				CLANG_WARN_BOOL_CONVERSION = YES;
				CLANG_WARN_COMMA = YES;
				CLANG_WARN_CONSTANT_CONVERSION = YES;
				CLANG_WARN_DEPRECATED_OBJC_IMPLEMENTATIONS = YES;
				CLANG_WARN_DIRECT_OBJC_ISA_USAGE = YES_ERROR;
				CLANG_WARN_DOCUMENTATION_COMMENTS = YES;
				CLANG_WARN_EMPTY_BODY = YES;
				CLANG_WARN_ENUM_CONVERSION = YES;
				CLANG_WARN_INFINITE_RECURSION = YES;
				CLANG_WARN_INT_CONVERSION = YES;
				CLANG_WARN_NON_LITERAL_NULL_CONVERSION = YES;
				CLANG_WARN_OBJC_IMPLICIT_RETAIN_SELF = YES;
				CLANG_WARN_OBJC_LITERAL_CONVERSION = YES;
				CLANG_WARN_OBJC_ROOT_CLASS = YES_ERROR;
				CLANG_WARN_QUOTED_INCLUDE_IN_FRAMEWORK_HEADER = YES;
				CLANG_WARN_RANGE_LOOP_ANALYSIS = YES;
				CLANG_WARN_STRICT_PROTOTYPES = YES;
				CLANG_WARN_SUSPICIOUS_MOVE = YES;
				CLANG_WARN_UNGUARDED_AVAILABILITY = YES_AGGRESSIVE;
				CLANG_WARN_UNREACHABLE_CODE = YES;
				CLANG_WARN__DUPLICATE_METHOD_MATCH = YES;
				COPY_PHASE_STRIP = NO;
				DEBUG_INFORMATION_FORMAT = dwarf;
				ENABLE_STRICT_OBJC_MSGSEND = YES;
				ENABLE_TESTABILITY = YES;
				GCC_C_LANGUAGE_STANDARD = gnu11;
				GCC_DYNAMIC_NO_PIC = NO;
				GCC_NO_COMMON_BLOCKS = YES;
				GCC_OPTIMIZATION_LEVEL = 0;
				GCC_PREPROCESSOR_DEFINITIONS = (
					"DEBUG=1",
					"$(inherited)",
				);
				GCC_WARN_64_TO_32_BIT_CONVERSION = YES;
				GCC_WARN_ABOUT_RETURN_TYPE = YES_ERROR;
				GCC_WARN_UNDECLARED_SELECTOR = YES;
				GCC_WARN_UNINITIALIZED_AUTOS = YES_AGGRESSIVE;
				GCC_WARN_UNUSED_FUNCTION = YES;
				GCC_WARN_UNUSED_VARIABLE = YES;
				IPHONEOS_DEPLOYMENT_TARGET = 16.4;
				MTL_ENABLE_DEBUG_INFO = INCLUDE_SOURCE;
				MTL_FAST_MATH = YES;
				ONLY_ACTIVE_ARCH = YES;
				SDKROOT = iphoneos;
				SWIFT_ACTIVE_COMPILATION_CONDITIONS = DEBUG;
				SWIFT_OPTIMIZATION_LEVEL = "-Onone";
			};
			name = Debug;
		};
		FBB3E70C2A4B357C00EF26CA /* Release */ = {
			isa = XCBuildConfiguration;
			buildSettings = {
				ALWAYS_SEARCH_USER_PATHS = NO;
				CLANG_ANALYZER_NONNULL = YES;
				CLANG_ANALYZER_NUMBER_OBJECT_CONVERSION = YES_AGGRESSIVE;
				CLANG_CXX_LANGUAGE_STANDARD = "gnu++20";
				CLANG_ENABLE_MODULES = YES;
				CLANG_ENABLE_OBJC_ARC = YES;
				CLANG_ENABLE_OBJC_WEAK = YES;
				CLANG_WARN_BLOCK_CAPTURE_AUTORELEASING = YES;
				CLANG_WARN_BOOL_CONVERSION = YES;
				CLANG_WARN_COMMA = YES;
				CLANG_WARN_CONSTANT_CONVERSION = YES;
				CLANG_WARN_DEPRECATED_OBJC_IMPLEMENTATIONS = YES;
				CLANG_WARN_DIRECT_OBJC_ISA_USAGE = YES_ERROR;
				CLANG_WARN_DOCUMENTATION_COMMENTS = YES;
				CLANG_WARN_EMPTY_BODY = YES;
				CLANG_WARN_ENUM_CONVERSION = YES;
				CLANG_WARN_INFINITE_RECURSION = YES;
				CLANG_WARN_INT_CONVERSION = YES;
				CLANG_WARN_NON_LITERAL_NULL_CONVERSION = YES;
				CLANG_WARN_OBJC_IMPLICIT_RETAIN_SELF = YES;
				CLANG_WARN_OBJC_LITERAL_CONVERSION = YES;
				CLANG_WARN_OBJC_ROOT_CLASS = YES_ERROR;
				CLANG_WARN_QUOTED_INCLUDE_IN_FRAMEWORK_HEADER = YES;
				CLANG_WARN_RANGE_LOOP_ANALYSIS = YES;
				CLANG_WARN_STRICT_PROTOTYPES = YES;
				CLANG_WARN_SUSPICIOUS_MOVE = YES;
				CLANG_WARN_UNGUARDED_AVAILABILITY = YES_AGGRESSIVE;
				CLANG_WARN_UNREACHABLE_CODE = YES;
				CLANG_WARN__DUPLICATE_METHOD_MATCH = YES;
				COPY_PHASE_STRIP = NO;
				DEBUG_INFORMATION_FORMAT = "dwarf-with-dsym";
				ENABLE_NS_ASSERTIONS = NO;
				ENABLE_STRICT_OBJC_MSGSEND = YES;
				GCC_C_LANGUAGE_STANDARD = gnu11;
				GCC_NO_COMMON_BLOCKS = YES;
				GCC_WARN_64_TO_32_BIT_CONVERSION = YES;
				GCC_WARN_ABOUT_RETURN_TYPE = YES_ERROR;
				GCC_WARN_UNDECLARED_SELECTOR = YES;
				GCC_WARN_UNINITIALIZED_AUTOS = YES_AGGRESSIVE;
				GCC_WARN_UNUSED_FUNCTION = YES;
				GCC_WARN_UNUSED_VARIABLE = YES;
				IPHONEOS_DEPLOYMENT_TARGET = 16.4;
				MTL_ENABLE_DEBUG_INFO = NO;
				MTL_FAST_MATH = YES;
				SDKROOT = iphoneos;
				SWIFT_COMPILATION_MODE = wholemodule;
				SWIFT_OPTIMIZATION_LEVEL = "-O";
				VALIDATE_PRODUCT = YES;
			};
			name = Release;
		};
		FBB3E70E2A4B357C00EF26CA /* Debug */ = {
			isa = XCBuildConfiguration;
			buildSettings = {
				ASSETCATALOG_COMPILER_APPICON_NAME = AppIcon;
				ASSETCATALOG_COMPILER_GLOBAL_ACCENT_COLOR_NAME = AccentColor;
				CODE_SIGN_STYLE = Automatic;
				CURRENT_PROJECT_VERSION = 1;
				DEVELOPMENT_ASSET_PATHS = "\"question app/Preview Content\"";
				ENABLE_PREVIEWS = YES;
				GENERATE_INFOPLIST_FILE = YES;
				INFOPLIST_KEY_UIApplicationSceneManifest_Generation = YES;
				INFOPLIST_KEY_UIApplicationSupportsIndirectInputEvents = YES;
				INFOPLIST_KEY_UILaunchScreen_Generation = YES;
				INFOPLIST_KEY_UISupportedInterfaceOrientations_iPad = "UIInterfaceOrientationPortrait UIInterfaceOrientationPortraitUpsideDown UIInterfaceOrientationLandscapeLeft UIInterfaceOrientationLandscapeRight";
				INFOPLIST_KEY_UISupportedInterfaceOrientations_iPhone = "UIInterfaceOrientationPortrait UIInterfaceOrientationLandscapeLeft UIInterfaceOrientationLandscapeRight";
				LD_RUNPATH_SEARCH_PATHS = (
					"$(inherited)",
					"@executable_path/Frameworks",
				);
				MARKETING_VERSION = 1.0;
				PRODUCT_BUNDLE_IDENTIFIER = "kwk.question-app";
				PRODUCT_NAME = "$(TARGET_NAME)";
				SWIFT_EMIT_LOC_STRINGS = YES;
				SWIFT_VERSION = 5.0;
				TARGETED_DEVICE_FAMILY = "1,2";
			};
			name = Debug;
		};
		FBB3E70F2A4B357C00EF26CA /* Release */ = {
			isa = XCBuildConfiguration;
			buildSettings = {
				ASSETCATALOG_COMPILER_APPICON_NAME = AppIcon;
				ASSETCATALOG_COMPILER_GLOBAL_ACCENT_COLOR_NAME = AccentColor;
				CODE_SIGN_STYLE = Automatic;
				CURRENT_PROJECT_VERSION = 1;
				DEVELOPMENT_ASSET_PATHS = "\"question app/Preview Content\"";
				ENABLE_PREVIEWS = YES;
				GENERATE_INFOPLIST_FILE = YES;
				INFOPLIST_KEY_UIApplicationSceneManifest_Generation = YES;
				INFOPLIST_KEY_UIApplicationSupportsIndirectInputEvents = YES;
				INFOPLIST_KEY_UILaunchScreen_Generation = YES;
				INFOPLIST_KEY_UISupportedInterfaceOrientations_iPad = "UIInterfaceOrientationPortrait UIInterfaceOrientationPortraitUpsideDown UIInterfaceOrientationLandscapeLeft UIInterfaceOrientationLandscapeRight";
				INFOPLIST_KEY_UISupportedInterfaceOrientations_iPhone = "UIInterfaceOrientationPortrait UIInterfaceOrientationLandscapeLeft UIInterfaceOrientationLandscapeRight";
				LD_RUNPATH_SEARCH_PATHS = (
					"$(inherited)",
					"@executable_path/Frameworks",
				);
				MARKETING_VERSION = 1.0;
				PRODUCT_BUNDLE_IDENTIFIER = "kwk.question-app";
				PRODUCT_NAME = "$(TARGET_NAME)";
				SWIFT_EMIT_LOC_STRINGS = YES;
				SWIFT_VERSION = 5.0;
				TARGETED_DEVICE_FAMILY = "1,2";
			};
			name = Release;
		};
		FBB3E7112A4B357C00EF26CA /* Debug */ = {
			isa = XCBuildConfiguration;
			buildSettings = {
				ALWAYS_EMBED_SWIFT_STANDARD_LIBRARIES = YES;
				BUNDLE_LOADER = "$(TEST_HOST)";
				CODE_SIGN_STYLE = Automatic;
				CURRENT_PROJECT_VERSION = 1;
				GENERATE_INFOPLIST_FILE = YES;
				IPHONEOS_DEPLOYMENT_TARGET = 16.4;
				MARKETING_VERSION = 1.0;
				PRODUCT_BUNDLE_IDENTIFIER = "kwk.question-appTests";
				PRODUCT_NAME = "$(TARGET_NAME)";
				SWIFT_EMIT_LOC_STRINGS = NO;
				SWIFT_VERSION = 5.0;
				TARGETED_DEVICE_FAMILY = "1,2";
				TEST_HOST = "$(BUILT_PRODUCTS_DIR)/question app.app/$(BUNDLE_EXECUTABLE_FOLDER_PATH)/question app";
			};
			name = Debug;
		};
		FBB3E7122A4B357C00EF26CA /* Release */ = {
			isa = XCBuildConfiguration;
			buildSettings = {
				ALWAYS_EMBED_SWIFT_STANDARD_LIBRARIES = YES;
				BUNDLE_LOADER = "$(TEST_HOST)";
				CODE_SIGN_STYLE = Automatic;
				CURRENT_PROJECT_VERSION = 1;
				GENERATE_INFOPLIST_FILE = YES;
				IPHONEOS_DEPLOYMENT_TARGET = 16.4;
				MARKETING_VERSION = 1.0;
				PRODUCT_BUNDLE_IDENTIFIER = "kwk.question-appTests";
				PRODUCT_NAME = "$(TARGET_NAME)";
				SWIFT_EMIT_LOC_STRINGS = NO;
				SWIFT_VERSION = 5.0;
				TARGETED_DEVICE_FAMILY = "1,2";
				TEST_HOST = "$(BUILT_PRODUCTS_DIR)/question app.app/$(BUNDLE_EXECUTABLE_FOLDER_PATH)/question app";
			};
			name = Release;
		};
		FBB3E7142A4B357C00EF26CA /* Debug */ = {
			isa = XCBuildConfiguration;
			buildSettings = {
				ALWAYS_EMBED_SWIFT_STANDARD_LIBRARIES = YES;
				CODE_SIGN_STYLE = Automatic;
				CURRENT_PROJECT_VERSION = 1;
				GENERATE_INFOPLIST_FILE = YES;
				MARKETING_VERSION = 1.0;
				PRODUCT_BUNDLE_IDENTIFIER = "kwk.question-appUITests";
				PRODUCT_NAME = "$(TARGET_NAME)";
				SWIFT_EMIT_LOC_STRINGS = NO;
				SWIFT_VERSION = 5.0;
				TARGETED_DEVICE_FAMILY = "1,2";
				TEST_TARGET_NAME = "question app";
			};
			name = Debug;
		};
		FBB3E7152A4B357C00EF26CA /* Release */ = {
			isa = XCBuildConfiguration;
			buildSettings = {
				ALWAYS_EMBED_SWIFT_STANDARD_LIBRARIES = YES;
				CODE_SIGN_STYLE = Automatic;
				CURRENT_PROJECT_VERSION = 1;
				GENERATE_INFOPLIST_FILE = YES;
				MARKETING_VERSION = 1.0;
				PRODUCT_BUNDLE_IDENTIFIER = "kwk.question-appUITests";
				PRODUCT_NAME = "$(TARGET_NAME)";
				SWIFT_EMIT_LOC_STRINGS = NO;
				SWIFT_VERSION = 5.0;
				TARGETED_DEVICE_FAMILY = "1,2";
				TEST_TARGET_NAME = "question app";
			};
			name = Release;
		};
/* End XCBuildConfiguration section */

/* Begin XCConfigurationList section */
		FBB3E6E42A4B357900EF26CA /* Build configuration list for PBXProject "question app" */ = {
			isa = XCConfigurationList;
			buildConfigurations = (
				FBB3E70B2A4B357C00EF26CA /* Debug */,
				FBB3E70C2A4B357C00EF26CA /* Release */,
			);
			defaultConfigurationIsVisible = 0;
			defaultConfigurationName = Release;
		};
		FBB3E70D2A4B357C00EF26CA /* Build configuration list for PBXNativeTarget "question app" */ = {
			isa = XCConfigurationList;
			buildConfigurations = (
				FBB3E70E2A4B357C00EF26CA /* Debug */,
				FBB3E70F2A4B357C00EF26CA /* Release */,
			);
			defaultConfigurationIsVisible = 0;
			defaultConfigurationName = Release;
		};
		FBB3E7102A4B357C00EF26CA /* Build configuration list for PBXNativeTarget "question appTests" */ = {
			isa = XCConfigurationList;
			buildConfigurations = (
				FBB3E7112A4B357C00EF26CA /* Debug */,
				FBB3E7122A4B357C00EF26CA /* Release */,
			);
			defaultConfigurationIsVisible = 0;
			defaultConfigurationName = Release;
		};
		FBB3E7132A4B357C00EF26CA /* Build configuration list for PBXNativeTarget "question appUITests" */ = {
			isa = XCConfigurationList;
			buildConfigurations = (
				FBB3E7142A4B357C00EF26CA /* Debug */,
				FBB3E7152A4B357C00EF26CA /* Release */,
			);
			defaultConfigurationIsVisible = 0;
			defaultConfigurationName = Release;
		};
/* End XCConfigurationList section */
	};
	rootObject = FBB3E6E12A4B357900EF26CA /* Project object */;
}
